
Microsoft Visual Studio Solution File, Format Version 12.00
# Visual Studio Version 17
VisualStudioVersion = 17.4.33205.214
MinimumVisualStudioVersion = 10.0.40219.1
Project("{FAE04EC0-301F-11D3-BF4B-00C04F79EFBC}") = "보강", "보강.csproj", "{B207439F-0B61-49AA-A855-7941EA48ADA8}"
EndProject
Global
	GlobalSection(SolutionConfigurationPlatforms) = preSolution
		Debug|Any CPU = Debug|Any CPU
		Release|Any CPU = Release|Any CPU
	EndGlobalSection
	GlobalSection(ProjectConfigurationPlatforms) = postSolution
		{B207439F-0B61-49AA-A855-7941EA48ADA8}.Debug|Any CPU.ActiveCfg = Debug|Any CPU
		{B207439F-0B61-49AA-A855-7941EA48ADA8}.Debug|Any CPU.Build.0 = Debug|Any CPU
		{B207439F-0B61-49AA-A855-7941EA48ADA8}.Release|Any CPU.ActiveCfg = Release|Any CPU
		{B207439F-0B61-49AA-A855-7941EA48ADA8}.Release|Any CPU.Build.0 = Release|Any CPU
	EndGlobalSection
	GlobalSection(SolutionProperties) = preSolution
		HideSolutionNode = FALSE
	EndGlobalSection
	GlobalSection(ExtensibilityGlobals) = postSolution
		SolutionGuid = {DD271AF5-9357-439D-A10A-6A13C703E45F}
	EndGlobalSection
EndGlobal
